
Microsoft Visual Studio Solution File, Format Version 12.00
# Visual Studio 15
Project("{FAE04EC0-301F-11D3-BF4B-00C04F79EFBC}") = "Automation.Practice", "Automation.Practice\Automation.Practice.csproj", "{AA5AA93D-5122-4B7F-B86C-58AE43853B83}"
EndProject
Global
	GlobalSection(SolutionConfigurationPlatforms) = preSolution
		Debug|Any CPU = Debug|Any CPU
		Release|Any CPU = Release|Any CPU
	EndGlobalSection
	GlobalSection(ProjectConfigurationPlatforms) = postSolution
		{AA5AA93D-5122-4B7F-B86C-58AE43853B83}.Debug|Any CPU.ActiveCfg = Debug|Any CPU
		{AA5AA93D-5122-4B7F-B86C-58AE43853B83}.Debug|Any CPU.Build.0 = Debug|Any CPU
		{AA5AA93D-5122-4B7F-B86C-58AE43853B83}.Release|Any CPU.ActiveCfg = Release|Any CPU
		{AA5AA93D-5122-4B7F-B86C-58AE43853B83}.Release|Any CPU.Build.0 = Release|Any CPU
	EndGlobalSection
EndGlobal
